
Microsoft Visual Studio Solution File, Format Version 12.00
# Visual Studio 15
VisualStudioVersion = 15.0.26228.4
MinimumVisualStudioVersion = 10.0.40219.1
Project("{FAE04EC0-301F-11D3-BF4B-00C04F79EFBC}") = "Calculator.Common", "Calculator.Common\Calculator.Common.csproj", "{58217163-62EB-4B5F-A8CF-90041197ECA9}"
EndProject
Project("{FAE04EC0-301F-11D3-BF4B-00C04F79EFBC}") = "Calculator.Repl", "Calculator.Repl\Calculator.Repl.csproj", "{CB171888-F981-49FB-8660-3F9136D98BC5}"
EndProject
Project("{FAE04EC0-301F-11D3-BF4B-00C04F79EFBC}") = "Calculator.Tests", "Calculator.Tests\Calculator.Tests.csproj", "{C1699A40-2503-4A12-9060-B3D52228A0C2}"
EndProject
Global
	GlobalSection(SolutionConfigurationPlatforms) = preSolution
		Debug|Any CPU = Debug|Any CPU
		Release|Any CPU = Release|Any CPU
	EndGlobalSection
	GlobalSection(ProjectConfigurationPlatforms) = postSolution
		{58217163-62EB-4B5F-A8CF-90041197ECA9}.Debug|Any CPU.ActiveCfg = Debug|Any CPU
		{58217163-62EB-4B5F-A8CF-90041197ECA9}.Debug|Any CPU.Build.0 = Debug|Any CPU
		{58217163-62EB-4B5F-A8CF-90041197ECA9}.Release|Any CPU.ActiveCfg = Release|Any CPU
		{58217163-62EB-4B5F-A8CF-90041197ECA9}.Release|Any CPU.Build.0 = Release|Any CPU
		{CB171888-F981-49FB-8660-3F9136D98BC5}.Debug|Any CPU.ActiveCfg = Debug|Any CPU
		{CB171888-F981-49FB-8660-3F9136D98BC5}.Debug|Any CPU.Build.0 = Debug|Any CPU
		{CB171888-F981-49FB-8660-3F9136D98BC5}.Release|Any CPU.ActiveCfg = Release|Any CPU
		{CB171888-F981-49FB-8660-3F9136D98BC5}.Release|Any CPU.Build.0 = Release|Any CPU
		{C1699A40-2503-4A12-9060-B3D52228A0C2}.Debug|Any CPU.ActiveCfg = Debug|Any CPU
		{C1699A40-2503-4A12-9060-B3D52228A0C2}.Debug|Any CPU.Build.0 = Debug|Any CPU
		{C1699A40-2503-4A12-9060-B3D52228A0C2}.Release|Any CPU.ActiveCfg = Release|Any CPU
		{C1699A40-2503-4A12-9060-B3D52228A0C2}.Release|Any CPU.Build.0 = Release|Any CPU
	EndGlobalSection
	GlobalSection(SolutionProperties) = preSolution
		HideSolutionNode = FALSE
	EndGlobalSection
	GlobalSection(ExtensibilityGlobals) = postSolution
		SolutionGuid = {6E0D17F7-2EEB-4C74-A523-DA99A1E5A477}
	EndGlobalSection
EndGlobal
